{
  "requires": true,
  "lockfileVersion": 1,
  "dependencies": {
    "mdast-comment-marker": {
      "version": "1.0.3",
      "resolved": "https://registry.npmjs.org/mdast-comment-marker/-/mdast-comment-marker-1.0.3.tgz",
      "integrity": "sha512-FZXxBBYeJ/R6k9zgyVGygHWka6FDJdzSbP6kcvB+L4Yqz62po57rZlnA2I14LIKsb3XPEky4vgP0Y83tZXTw7Q=="
    },
    "remark-lint": {
      "version": "6.0.3",
      "resolved": "https://registry.npmjs.org/remark-lint/-/remark-lint-6.0.3.tgz",
      "integrity": "sha512-PQkF5vQos3iCJ7kXcvGLG/06UoC4cL1h6JORludnClFQYKIeWi9Z6HHLTJl439Q95OLf6ywwOdaKIU5Vul/Thg==",
      "requires": {
        "remark-message-control": "^4.0.0"
      }
    },
    "remark-message-control": {
      "version": "4.1.0",
      "resolved": "https://registry.npmjs.org/remark-message-control/-/remark-message-control-4.1.0.tgz",
      "integrity": "sha512-e1dszks4YKY7hLAkhS2367jBjBpAfvi+kVgSN/tOFrdp3qxITjiNR5fOFnyYF8vvorkQ9uxlKJoZUOW8T7rKDg==",
      "requires": {
        "mdast-comment-marker": "^1.0.0",
        "unified-message-control": "^1.0.0",
        "xtend": "^4.0.1"
      }
    },
    "trim": {
      "version": "0.0.1",
      "resolved": "https://registry.npmjs.org/trim/-/trim-0.0.1.tgz",
      "integrity": "sha1-WFhUf2spB1fulczMZm+1AITEYN0="
    },
    "unified-message-control": {
      "version": "1.0.4",
      "resolved": "https://registry.npmjs.org/unified-message-control/-/unified-message-control-1.0.4.tgz",
      "integrity": "sha512-e1dEtN4Z/TvLn/qHm+xeZpzqhJTtfZusFErk336kkZVpqrJYiV9ptxq+SbRPFMlN0OkjDYHmVJ929KYjsMTo3g==",
      "requires": {
        "trim": "0.0.1",
        "unist-util-visit": "^1.0.0",
        "vfile-location": "^2.0.0"
      }
    },
    "unist-util-is": {
      "version": "2.1.2",
      "resolved": "https://registry.npmjs.org/unist-util-is/-/unist-util-is-2.1.2.tgz",
      "integrity": "sha512-YkXBK/H9raAmG7KXck+UUpnKiNmUdB+aBGrknfQ4EreE1banuzrKABx3jP6Z5Z3fMSPMQQmeXBlKpCbMwBkxVw=="
    },
    "unist-util-visit": {
      "version": "1.4.0",
      "resolved": "https://registry.npmjs.org/unist-util-visit/-/unist-util-visit-1.4.0.tgz",
      "integrity": "sha512-FiGu34ziNsZA3ZUteZxSFaczIjGmksfSgdKqBfOejrrfzyUy5b7YrlzT1Bcvi+djkYDituJDy2XB7tGTeBieKw==",
      "requires": {
        "unist-util-visit-parents": "^2.0.0"
      }
    },
    "unist-util-visit-parents": {
      "version": "2.0.1",
      "resolved": "https://registry.npmjs.org/unist-util-visit-parents/-/unist-util-visit-parents-2.0.1.tgz",
      "integrity": "sha512-6B0UTiMfdWql4cQ03gDTCSns+64Zkfo2OCbK31Ov0uMizEz+CJeAp0cgZVb5Fhmcd7Bct2iRNywejT0orpbqUA==",
      "requires": {
        "unist-util-is": "^2.1.2"
      }
    },
    "vfile-location": {
      "version": "2.0.3",
      "resolved": "https://registry.npmjs.org/vfile-location/-/vfile-location-2.0.3.tgz",
      "integrity": "sha512-zM5/l4lfw1CBoPx3Jimxoc5RNDAHHpk6AM6LM0pTIkm5SUSsx8ZekZ0PVdf0WEZ7kjlhSt7ZlqbRL6Cd6dBs6A=="
    },
    "xtend": {
      "version": "4.0.1",
      "resolved": "https://registry.npmjs.org/xtend/-/xtend-4.0.1.tgz",
      "integrity": "sha1-pcbVMr5lbiPbgg77lDofBJmNY68="
    }
  }
}
